
Microsoft Visual Studio Solution File, Format Version 12.00
# Visual Studio Version 17
VisualStudioVersion = 17.9.34622.214
MinimumVisualStudioVersion = 10.0.40219.1
Project("{FAE04EC0-301F-11D3-BF4B-00C04F79EFBC}") = "SportStore", "SportStore\SportStore.csproj", "{1F3146A0-319B-4923-970F-52351DBC2D9D}"
EndProject
Project("{FAE04EC0-301F-11D3-BF4B-00C04F79EFBC}") = "Product.Tests", "SportStore.Tests\Product.Tests.csproj", "{C3082386-CFE5-4D66-840C-D263DFA306B0}"
EndProject
Global
	GlobalSection(SolutionConfigurationPlatforms) = preSolution
		Debug|Any CPU = Debug|Any CPU
		Release|Any CPU = Release|Any CPU
	EndGlobalSection
	GlobalSection(ProjectConfigurationPlatforms) = postSolution
		{1F3146A0-319B-4923-970F-52351DBC2D9D}.Debug|Any CPU.ActiveCfg = Debug|Any CPU
		{1F3146A0-319B-4923-970F-52351DBC2D9D}.Debug|Any CPU.Build.0 = Debug|Any CPU
		{1F3146A0-319B-4923-970F-52351DBC2D9D}.Release|Any CPU.ActiveCfg = Release|Any CPU
		{1F3146A0-319B-4923-970F-52351DBC2D9D}.Release|Any CPU.Build.0 = Release|Any CPU
		{C3082386-CFE5-4D66-840C-D263DFA306B0}.Debug|Any CPU.ActiveCfg = Debug|Any CPU
		{C3082386-CFE5-4D66-840C-D263DFA306B0}.Debug|Any CPU.Build.0 = Debug|Any CPU
		{C3082386-CFE5-4D66-840C-D263DFA306B0}.Release|Any CPU.ActiveCfg = Release|Any CPU
		{C3082386-CFE5-4D66-840C-D263DFA306B0}.Release|Any CPU.Build.0 = Release|Any CPU
	EndGlobalSection
	GlobalSection(SolutionProperties) = preSolution
		HideSolutionNode = FALSE
	EndGlobalSection
	GlobalSection(ExtensibilityGlobals) = postSolution
		SolutionGuid = {41CE9771-E703-4678-B30C-A465155F290F}
	EndGlobalSection
EndGlobal
